
Microsoft Visual Studio Solution File, Format Version 12.00
# Visual Studio 2012
Project("{8BC9CEB8-8B4A-11D0-8D11-00A0C91BC942}") = "Button4_click", "Button4_click\Button4_click.vcxproj", "{F0D0E16F-1A23-4D64-80C7-09C8698C7A9F}"
EndProject
Global
	GlobalSection(SolutionConfigurationPlatforms) = preSolution
		Debug|Win32 = Debug|Win32
		Release|Win32 = Release|Win32
	EndGlobalSection
	GlobalSection(ProjectConfigurationPlatforms) = postSolution
		{F0D0E16F-1A23-4D64-80C7-09C8698C7A9F}.Debug|Win32.ActiveCfg = Debug|Win32
		{F0D0E16F-1A23-4D64-80C7-09C8698C7A9F}.Debug|Win32.Build.0 = Debug|Win32
		{F0D0E16F-1A23-4D64-80C7-09C8698C7A9F}.Release|Win32.ActiveCfg = Release|Win32
		{F0D0E16F-1A23-4D64-80C7-09C8698C7A9F}.Release|Win32.Build.0 = Release|Win32
	EndGlobalSection
	GlobalSection(SolutionProperties) = preSolution
		HideSolutionNode = FALSE
	EndGlobalSection
EndGlobal
